
Microsoft Visual Studio Solution File, Format Version 12.00
# Visual Studio 15
VisualStudioVersion = 15.0.27130.2010
MinimumVisualStudioVersion = 10.0.40219.1
Project("{9A19103F-16F7-4668-BE54-9A1E7A4F7556}") = "Day1AOC", "Day1AOC\Day1AOC.csproj", "{3E244AEB-F2B4-4950-AF8B-80205F683D6C}"
EndProject
Project("{FAE04EC0-301F-11D3-BF4B-00C04F79EFBC}") = "Day2AOC", "Day2AOC\Day2AOC.csproj", "{E11B6BFC-BD7F-478E-BD22-9130D2936D90}"
EndProject
Global
	GlobalSection(SolutionConfigurationPlatforms) = preSolution
		Debug|Any CPU = Debug|Any CPU
		Release|Any CPU = Release|Any CPU
	EndGlobalSection
	GlobalSection(ProjectConfigurationPlatforms) = postSolution
		{3E244AEB-F2B4-4950-AF8B-80205F683D6C}.Debug|Any CPU.ActiveCfg = Debug|Any CPU
		{3E244AEB-F2B4-4950-AF8B-80205F683D6C}.Debug|Any CPU.Build.0 = Debug|Any CPU
		{3E244AEB-F2B4-4950-AF8B-80205F683D6C}.Release|Any CPU.ActiveCfg = Release|Any CPU
		{3E244AEB-F2B4-4950-AF8B-80205F683D6C}.Release|Any CPU.Build.0 = Release|Any CPU
		{E11B6BFC-BD7F-478E-BD22-9130D2936D90}.Debug|Any CPU.ActiveCfg = Debug|Any CPU
		{E11B6BFC-BD7F-478E-BD22-9130D2936D90}.Debug|Any CPU.Build.0 = Debug|Any CPU
		{E11B6BFC-BD7F-478E-BD22-9130D2936D90}.Release|Any CPU.ActiveCfg = Release|Any CPU
		{E11B6BFC-BD7F-478E-BD22-9130D2936D90}.Release|Any CPU.Build.0 = Release|Any CPU
	EndGlobalSection
	GlobalSection(SolutionProperties) = preSolution
		HideSolutionNode = FALSE
	EndGlobalSection
	GlobalSection(ExtensibilityGlobals) = postSolution
		SolutionGuid = {CB72F8CE-C4CF-4AAC-82D5-51DFAD97F97A}
	EndGlobalSection
EndGlobal
